github.com/MeowWolf/eoslog v1.0.4 h1:QN0KL3qpS5fpWC8v5YqFNJl8B5DOwOGGyCQbJa3/4RE=
github.com/MeowWolf/eoslog v1.0.4/go.mod h1:YUYLfFOSpqkyH9VJ19Yf++5wOMXXxxqgrWJgq7DqSwc=
github.com/streadway/amqp v1.0.0 h1:kuuDrUJFZL1QYL9hUNuCxNObNzB0bV/ZG5jV3RWAQgo=
github.com/streadway/amqp v1.0.0/go.mod h1:AZpEONHx3DKn8O/DFsRAY58/XVQiIPMTMB1SddzLXVw=
